
Microsoft Visual Studio Solution File, Format Version 12.00
# Visual Studio Version 16
VisualStudioVersion = 16.0.29102.190
MinimumVisualStudioVersion = 10.0.40219.1
Project("{FAE04EC0-301F-11D3-BF4B-00C04F79EFBC}") = "GreedyAlgorithm", "GreedyAlgorithm\GreedyAlgorithm.csproj", "{110C951B-084F-4455-B373-FD671C40D43C}"
EndProject
Global
	GlobalSection(SolutionConfigurationPlatforms) = preSolution
		Debug|Any CPU = Debug|Any CPU
		Release|Any CPU = Release|Any CPU
	EndGlobalSection
	GlobalSection(ProjectConfigurationPlatforms) = postSolution
		{110C951B-084F-4455-B373-FD671C40D43C}.Debug|Any CPU.ActiveCfg = Debug|Any CPU
		{110C951B-084F-4455-B373-FD671C40D43C}.Debug|Any CPU.Build.0 = Debug|Any CPU
		{110C951B-084F-4455-B373-FD671C40D43C}.Release|Any CPU.ActiveCfg = Release|Any CPU
		{110C951B-084F-4455-B373-FD671C40D43C}.Release|Any CPU.Build.0 = Release|Any CPU
	EndGlobalSection
	GlobalSection(SolutionProperties) = preSolution
		HideSolutionNode = FALSE
	EndGlobalSection
	GlobalSection(ExtensibilityGlobals) = postSolution
		SolutionGuid = {07ECF0E6-6D3F-424D-A13E-E4FEE36835CD}
	EndGlobalSection
EndGlobal
